
Microsoft Visual Studio Solution File, Format Version 12.00
# Visual Studio Version 17
VisualStudioVersion = 17.2.32616.157
MinimumVisualStudioVersion = 10.0.40219.1
Project("{FAE04EC0-301F-11D3-BF4B-00C04F79EFBC}") = "BotwAvaloniaTemplate", "BotwAvaloniaTemplate\BotwAvaloniaTemplate.csproj", "{AF1989E8-B9EF-4ACD-80DA-F65871C7D8D4}"
EndProject
Global
	GlobalSection(SolutionConfigurationPlatforms) = preSolution
		Debug|Any CPU = Debug|Any CPU
		Release|Any CPU = Release|Any CPU
	EndGlobalSection
	GlobalSection(ProjectConfigurationPlatforms) = postSolution
		{AF1989E8-B9EF-4ACD-80DA-F65871C7D8D4}.Debug|Any CPU.ActiveCfg = Debug|Any CPU
		{AF1989E8-B9EF-4ACD-80DA-F65871C7D8D4}.Debug|Any CPU.Build.0 = Debug|Any CPU
		{AF1989E8-B9EF-4ACD-80DA-F65871C7D8D4}.Release|Any CPU.ActiveCfg = Release|Any CPU
		{AF1989E8-B9EF-4ACD-80DA-F65871C7D8D4}.Release|Any CPU.Build.0 = Release|Any CPU
	EndGlobalSection
	GlobalSection(SolutionProperties) = preSolution
		HideSolutionNode = FALSE
	EndGlobalSection
	GlobalSection(ExtensibilityGlobals) = postSolution
		SolutionGuid = {4AAA4256-35A1-4E95-8D32-90D84AC16F4F}
	EndGlobalSection
EndGlobal
